
Microsoft Visual Studio Solution File, Format Version 12.00
# Visual Studio Version 17
VisualStudioVersion = 17.9.34607.119
MinimumVisualStudioVersion = 10.0.40219.1
Project("{FAE04EC0-301F-11D3-BF4B-00C04F79EFBC}") = "CLASE_06_ PROGRA", "CLASE_06_ PROGRA\CLASE_06_ PROGRA.csproj", "{51BE5354-097F-40B5-BF0B-3D0A812F3292}"
EndProject
Global
	GlobalSection(SolutionConfigurationPlatforms) = preSolution
		Debug|Any CPU = Debug|Any CPU
		Release|Any CPU = Release|Any CPU
	EndGlobalSection
	GlobalSection(ProjectConfigurationPlatforms) = postSolution
		{51BE5354-097F-40B5-BF0B-3D0A812F3292}.Debug|Any CPU.ActiveCfg = Debug|Any CPU
		{51BE5354-097F-40B5-BF0B-3D0A812F3292}.Debug|Any CPU.Build.0 = Debug|Any CPU
		{51BE5354-097F-40B5-BF0B-3D0A812F3292}.Release|Any CPU.ActiveCfg = Release|Any CPU
		{51BE5354-097F-40B5-BF0B-3D0A812F3292}.Release|Any CPU.Build.0 = Release|Any CPU
	EndGlobalSection
	GlobalSection(SolutionProperties) = preSolution
		HideSolutionNode = FALSE
	EndGlobalSection
	GlobalSection(ExtensibilityGlobals) = postSolution
		SolutionGuid = {F700783A-5C58-4E89-9310-E9A20EF60CCD}
	EndGlobalSection
EndGlobal
